
Microsoft Visual Studio Solution File, Format Version 12.00
# Visual Studio Version 17
VisualStudioVersion = 17.14.36518.9 d17.14
MinimumVisualStudioVersion = 10.0.40219.1
Project("{FAE04EC0-301F-11D3-BF4B-00C04F79EFBC}") = "Presentacion", "Presentacion.csproj", "{B7690016-7FE6-43B1-B08B-0E668C3D054B}"
EndProject
Project("{FAE04EC0-301F-11D3-BF4B-00C04F79EFBC}") = "Datos", "..\Datos\Datos.csproj", "{288747CF-8625-4AFF-A304-891426D3AEBC}"
EndProject
Project("{FAE04EC0-301F-11D3-BF4B-00C04F79EFBC}") = "Modelos", "..\Modelos\Modelos.csproj", "{5CF68A74-7BE8-40F8-8064-195D0D6CEA5F}"
EndProject
Project("{FAE04EC0-301F-11D3-BF4B-00C04F79EFBC}") = "Negocio", "..\Negocio\Negocio.csproj", "{9EB10AD0-25C0-4D39-8FAF-4A09A129D36F}"
EndProject
Global
	GlobalSection(SolutionConfigurationPlatforms) = preSolution
		Debug|Any CPU = Debug|Any CPU
		Release|Any CPU = Release|Any CPU
	EndGlobalSection
	GlobalSection(ProjectConfigurationPlatforms) = postSolution
		{B7690016-7FE6-43B1-B08B-0E668C3D054B}.Debug|Any CPU.ActiveCfg = Debug|Any CPU
		{B7690016-7FE6-43B1-B08B-0E668C3D054B}.Debug|Any CPU.Build.0 = Debug|Any CPU
		{B7690016-7FE6-43B1-B08B-0E668C3D054B}.Release|Any CPU.ActiveCfg = Release|Any CPU
		{B7690016-7FE6-43B1-B08B-0E668C3D054B}.Release|Any CPU.Build.0 = Release|Any CPU
		{288747CF-8625-4AFF-A304-891426D3AEBC}.Debug|Any CPU.ActiveCfg = Debug|Any CPU
		{288747CF-8625-4AFF-A304-891426D3AEBC}.Debug|Any CPU.Build.0 = Debug|Any CPU
		{288747CF-8625-4AFF-A304-891426D3AEBC}.Release|Any CPU.ActiveCfg = Release|Any CPU
		{288747CF-8625-4AFF-A304-891426D3AEBC}.Release|Any CPU.Build.0 = Release|Any CPU
		{5CF68A74-7BE8-40F8-8064-195D0D6CEA5F}.Debug|Any CPU.ActiveCfg = Debug|Any CPU
		{5CF68A74-7BE8-40F8-8064-195D0D6CEA5F}.Debug|Any CPU.Build.0 = Debug|Any CPU
		{5CF68A74-7BE8-40F8-8064-195D0D6CEA5F}.Release|Any CPU.ActiveCfg = Release|Any CPU
		{5CF68A74-7BE8-40F8-8064-195D0D6CEA5F}.Release|Any CPU.Build.0 = Release|Any CPU
		{9EB10AD0-25C0-4D39-8FAF-4A09A129D36F}.Debug|Any CPU.ActiveCfg = Debug|Any CPU
		{9EB10AD0-25C0-4D39-8FAF-4A09A129D36F}.Debug|Any CPU.Build.0 = Debug|Any CPU
		{9EB10AD0-25C0-4D39-8FAF-4A09A129D36F}.Release|Any CPU.ActiveCfg = Release|Any CPU
		{9EB10AD0-25C0-4D39-8FAF-4A09A129D36F}.Release|Any CPU.Build.0 = Release|Any CPU
	EndGlobalSection
	GlobalSection(SolutionProperties) = preSolution
		HideSolutionNode = FALSE
	EndGlobalSection
	GlobalSection(ExtensibilityGlobals) = postSolution
		SolutionGuid = {D59E7B46-344D-425C-B212-DBEEF202F0D7}
	EndGlobalSection
EndGlobal
